
Microsoft Visual Studio Solution File, Format Version 12.00
# Visual Studio Version 17
VisualStudioVersion = 17.8.34511.84
MinimumVisualStudioVersion = 10.0.40219.1
Project("{FAE04EC0-301F-11D3-BF4B-00C04F79EFBC}") = "EFCodeFirstApproachMVC", "EFCodeFirstApproachMVC\EFCodeFirstApproachMVC.csproj", "{0337EFE6-2B57-4028-8472-BA991973F5AB}"
EndProject
Global
	GlobalSection(SolutionConfigurationPlatforms) = preSolution
		Debug|Any CPU = Debug|Any CPU
		Release|Any CPU = Release|Any CPU
	EndGlobalSection
	GlobalSection(ProjectConfigurationPlatforms) = postSolution
		{0337EFE6-2B57-4028-8472-BA991973F5AB}.Debug|Any CPU.ActiveCfg = Debug|Any CPU
		{0337EFE6-2B57-4028-8472-BA991973F5AB}.Debug|Any CPU.Build.0 = Debug|Any CPU
		{0337EFE6-2B57-4028-8472-BA991973F5AB}.Release|Any CPU.ActiveCfg = Release|Any CPU
		{0337EFE6-2B57-4028-8472-BA991973F5AB}.Release|Any CPU.Build.0 = Release|Any CPU
	EndGlobalSection
	GlobalSection(SolutionProperties) = preSolution
		HideSolutionNode = FALSE
	EndGlobalSection
	GlobalSection(ExtensibilityGlobals) = postSolution
		SolutionGuid = {6FBA2AF5-0730-4274-A9E1-6696149BB767}
	EndGlobalSection
EndGlobal
