
Microsoft Visual Studio Solution File, Format Version 12.00
# Visual Studio Version 17
VisualStudioVersion = 17.8.34511.84
MinimumVisualStudioVersion = 10.0.40219.1
Project("{FAE04EC0-301F-11D3-BF4B-00C04F79EFBC}") = "EmployeeManagement", "EmployeeManagement\EmployeeManagement.csproj", "{FE9553E9-1A28-45FC-83F3-7DBBDF937230}"
EndProject
Global
	GlobalSection(SolutionConfigurationPlatforms) = preSolution
		Debug|Any CPU = Debug|Any CPU
		Release|Any CPU = Release|Any CPU
	EndGlobalSection
	GlobalSection(ProjectConfigurationPlatforms) = postSolution
		{FE9553E9-1A28-45FC-83F3-7DBBDF937230}.Debug|Any CPU.ActiveCfg = Debug|Any CPU
		{FE9553E9-1A28-45FC-83F3-7DBBDF937230}.Debug|Any CPU.Build.0 = Debug|Any CPU
		{FE9553E9-1A28-45FC-83F3-7DBBDF937230}.Release|Any CPU.ActiveCfg = Release|Any CPU
		{FE9553E9-1A28-45FC-83F3-7DBBDF937230}.Release|Any CPU.Build.0 = Release|Any CPU
	EndGlobalSection
	GlobalSection(SolutionProperties) = preSolution
		HideSolutionNode = FALSE
	EndGlobalSection
	GlobalSection(ExtensibilityGlobals) = postSolution
		SolutionGuid = {1940F626-CB49-45FB-B32B-38FD17A32FB6}
	EndGlobalSection
EndGlobal
